
Microsoft Visual Studio Solution File, Format Version 12.00
# Visual Studio Version 17
VisualStudioVersion = 17.11.35431.28
MinimumVisualStudioVersion = 10.0.40219.1
Project("{FAE04EC0-301F-11D3-BF4B-00C04F79EFBC}") = "Generics", "Generics.csproj", "{08603A0E-6CCD-4003-980A-D4D9D77A9BCB}"
EndProject
Global
	GlobalSection(SolutionConfigurationPlatforms) = preSolution
		Debug|Any CPU = Debug|Any CPU
		Release|Any CPU = Release|Any CPU
	EndGlobalSection
	GlobalSection(ProjectConfigurationPlatforms) = postSolution
		{08603A0E-6CCD-4003-980A-D4D9D77A9BCB}.Debug|Any CPU.ActiveCfg = Debug|Any CPU
		{08603A0E-6CCD-4003-980A-D4D9D77A9BCB}.Debug|Any CPU.Build.0 = Debug|Any CPU
		{08603A0E-6CCD-4003-980A-D4D9D77A9BCB}.Release|Any CPU.ActiveCfg = Release|Any CPU
		{08603A0E-6CCD-4003-980A-D4D9D77A9BCB}.Release|Any CPU.Build.0 = Release|Any CPU
	EndGlobalSection
	GlobalSection(SolutionProperties) = preSolution
		HideSolutionNode = FALSE
	EndGlobalSection
	GlobalSection(ExtensibilityGlobals) = postSolution
		SolutionGuid = {F7EBF230-5234-468A-A060-9D28A9D33EC5}
	EndGlobalSection
EndGlobal
