
Microsoft Visual Studio Solution File, Format Version 12.00
# Visual Studio Version 17
VisualStudioVersion = 17.11.35327.3
MinimumVisualStudioVersion = 10.0.40219.1
Project("{FAE04EC0-301F-11D3-BF4B-00C04F79EFBC}") = "WebAPI", "WebAPI.csproj", "{842EA9A2-1FE6-484A-8A28-FABAC5F7B6F8}"
EndProject
Global
	GlobalSection(SolutionConfigurationPlatforms) = preSolution
		Debug|Any CPU = Debug|Any CPU
		Release|Any CPU = Release|Any CPU
	EndGlobalSection
	GlobalSection(ProjectConfigurationPlatforms) = postSolution
		{842EA9A2-1FE6-484A-8A28-FABAC5F7B6F8}.Debug|Any CPU.ActiveCfg = Debug|Any CPU
		{842EA9A2-1FE6-484A-8A28-FABAC5F7B6F8}.Debug|Any CPU.Build.0 = Debug|Any CPU
		{842EA9A2-1FE6-484A-8A28-FABAC5F7B6F8}.Release|Any CPU.ActiveCfg = Release|Any CPU
		{842EA9A2-1FE6-484A-8A28-FABAC5F7B6F8}.Release|Any CPU.Build.0 = Release|Any CPU
	EndGlobalSection
	GlobalSection(SolutionProperties) = preSolution
		HideSolutionNode = FALSE
	EndGlobalSection
	GlobalSection(ExtensibilityGlobals) = postSolution
		SolutionGuid = {AA155EB3-5684-47ED-BE1B-DBA4EFA0E406}
	EndGlobalSection
EndGlobal
