
Microsoft Visual Studio Solution File, Format Version 12.00
# Visual Studio Version 17
VisualStudioVersion = 17.9.34622.214
MinimumVisualStudioVersion = 10.0.40219.1
Project("{FAE04EC0-301F-11D3-BF4B-00C04F79EFBC}") = "SelfStudy", "SelfStudy.csproj", "{8A488DA4-90F2-4B95-B458-42EA8CC699EC}"
EndProject
Global
	GlobalSection(SolutionConfigurationPlatforms) = preSolution
		Debug|Any CPU = Debug|Any CPU
		Release|Any CPU = Release|Any CPU
	EndGlobalSection
	GlobalSection(ProjectConfigurationPlatforms) = postSolution
		{8A488DA4-90F2-4B95-B458-42EA8CC699EC}.Debug|Any CPU.ActiveCfg = Debug|Any CPU
		{8A488DA4-90F2-4B95-B458-42EA8CC699EC}.Debug|Any CPU.Build.0 = Debug|Any CPU
		{8A488DA4-90F2-4B95-B458-42EA8CC699EC}.Release|Any CPU.ActiveCfg = Release|Any CPU
		{8A488DA4-90F2-4B95-B458-42EA8CC699EC}.Release|Any CPU.Build.0 = Release|Any CPU
	EndGlobalSection
	GlobalSection(SolutionProperties) = preSolution
		HideSolutionNode = FALSE
	EndGlobalSection
	GlobalSection(ExtensibilityGlobals) = postSolution
		SolutionGuid = {F3FA9394-C927-4EA9-84FE-CD272C9D7994}
	EndGlobalSection
EndGlobal
