
Microsoft Visual Studio Solution File, Format Version 12.00
# Visual Studio Version 17
VisualStudioVersion = 17.11.35327.3
MinimumVisualStudioVersion = 10.0.40219.1
Project("{FAE04EC0-301F-11D3-BF4B-00C04F79EFBC}") = "ShopAPI", "ShopAPI.csproj", "{9B3A4D53-0F25-4656-983B-79EF8EB7308B}"
EndProject
Global
	GlobalSection(SolutionConfigurationPlatforms) = preSolution
		Debug|Any CPU = Debug|Any CPU
		Release|Any CPU = Release|Any CPU
	EndGlobalSection
	GlobalSection(ProjectConfigurationPlatforms) = postSolution
		{9B3A4D53-0F25-4656-983B-79EF8EB7308B}.Debug|Any CPU.ActiveCfg = Debug|Any CPU
		{9B3A4D53-0F25-4656-983B-79EF8EB7308B}.Debug|Any CPU.Build.0 = Debug|Any CPU
		{9B3A4D53-0F25-4656-983B-79EF8EB7308B}.Release|Any CPU.ActiveCfg = Release|Any CPU
		{9B3A4D53-0F25-4656-983B-79EF8EB7308B}.Release|Any CPU.Build.0 = Release|Any CPU
	EndGlobalSection
	GlobalSection(SolutionProperties) = preSolution
		HideSolutionNode = FALSE
	EndGlobalSection
	GlobalSection(ExtensibilityGlobals) = postSolution
		SolutionGuid = {45009235-4FA9-4FDF-B468-FF40D5E8860B}
	EndGlobalSection
EndGlobal
