
Microsoft Visual Studio Solution File, Format Version 12.00
# Visual Studio Version 17
VisualStudioVersion = 17.11.35327.3
MinimumVisualStudioVersion = 10.0.40219.1
Project("{FAE04EC0-301F-11D3-BF4B-00C04F79EFBC}") = "Abstract", "Abstract.csproj", "{25AC49DB-4751-422E-B46D-9CC12706BDA7}"
EndProject
Global
	GlobalSection(SolutionConfigurationPlatforms) = preSolution
		Debug|Any CPU = Debug|Any CPU
		Release|Any CPU = Release|Any CPU
	EndGlobalSection
	GlobalSection(ProjectConfigurationPlatforms) = postSolution
		{25AC49DB-4751-422E-B46D-9CC12706BDA7}.Debug|Any CPU.ActiveCfg = Debug|Any CPU
		{25AC49DB-4751-422E-B46D-9CC12706BDA7}.Debug|Any CPU.Build.0 = Debug|Any CPU
		{25AC49DB-4751-422E-B46D-9CC12706BDA7}.Release|Any CPU.ActiveCfg = Release|Any CPU
		{25AC49DB-4751-422E-B46D-9CC12706BDA7}.Release|Any CPU.Build.0 = Release|Any CPU
	EndGlobalSection
	GlobalSection(SolutionProperties) = preSolution
		HideSolutionNode = FALSE
	EndGlobalSection
	GlobalSection(ExtensibilityGlobals) = postSolution
		SolutionGuid = {F09C4CC9-3391-42A6-BE38-60966A81D4AF}
	EndGlobalSection
EndGlobal
