
Microsoft Visual Studio Solution File, Format Version 12.00
# Visual Studio Version 17
VisualStudioVersion = 17.9.34622.214
MinimumVisualStudioVersion = 10.0.40219.1
Project("{FAE04EC0-301F-11D3-BF4B-00C04F79EFBC}") = "StudentAttendance", "StudentAttendance.csproj", "{4754066C-BB16-4F2B-9C58-4E939AC2C809}"
EndProject
Global
	GlobalSection(SolutionConfigurationPlatforms) = preSolution
		Debug|Any CPU = Debug|Any CPU
		Release|Any CPU = Release|Any CPU
	EndGlobalSection
	GlobalSection(ProjectConfigurationPlatforms) = postSolution
		{4754066C-BB16-4F2B-9C58-4E939AC2C809}.Debug|Any CPU.ActiveCfg = Debug|Any CPU
		{4754066C-BB16-4F2B-9C58-4E939AC2C809}.Debug|Any CPU.Build.0 = Debug|Any CPU
		{4754066C-BB16-4F2B-9C58-4E939AC2C809}.Release|Any CPU.ActiveCfg = Release|Any CPU
		{4754066C-BB16-4F2B-9C58-4E939AC2C809}.Release|Any CPU.Build.0 = Release|Any CPU
	EndGlobalSection
	GlobalSection(SolutionProperties) = preSolution
		HideSolutionNode = FALSE
	EndGlobalSection
	GlobalSection(ExtensibilityGlobals) = postSolution
		SolutionGuid = {0205DA74-2CB9-488F-99AD-57AEA2D8A055}
	EndGlobalSection
EndGlobal
