
Microsoft Visual Studio Solution File, Format Version 12.00
# Visual Studio Version 17
VisualStudioVersion = 17.9.34622.214
MinimumVisualStudioVersion = 10.0.40219.1
Project("{FAE04EC0-301F-11D3-BF4B-00C04F79EFBC}") = "GradebookSystem", "GradebookSystem.csproj", "{0BF2ADDE-326C-492A-9920-9F19D5BD946B}"
EndProject
Global
	GlobalSection(SolutionConfigurationPlatforms) = preSolution
		Debug|Any CPU = Debug|Any CPU
		Release|Any CPU = Release|Any CPU
	EndGlobalSection
	GlobalSection(ProjectConfigurationPlatforms) = postSolution
		{0BF2ADDE-326C-492A-9920-9F19D5BD946B}.Debug|Any CPU.ActiveCfg = Debug|Any CPU
		{0BF2ADDE-326C-492A-9920-9F19D5BD946B}.Debug|Any CPU.Build.0 = Debug|Any CPU
		{0BF2ADDE-326C-492A-9920-9F19D5BD946B}.Release|Any CPU.ActiveCfg = Release|Any CPU
		{0BF2ADDE-326C-492A-9920-9F19D5BD946B}.Release|Any CPU.Build.0 = Release|Any CPU
	EndGlobalSection
	GlobalSection(SolutionProperties) = preSolution
		HideSolutionNode = FALSE
	EndGlobalSection
	GlobalSection(ExtensibilityGlobals) = postSolution
		SolutionGuid = {020302B6-AD2C-4E01-BEC3-99198207D248}
	EndGlobalSection
EndGlobal
